
Microsoft Visual Studio Solution File, Format Version 12.00
# Visual Studio Version 17
VisualStudioVersion = 17.0.31903.59
MinimumVisualStudioVersion = 10.0.40219.1
Project("{FAE04EC0-301F-11D3-BF4B-00C04F79EFBC}") = "TeacherPayment", "TeacherPayment\TeacherPayment.csproj", "{B8A0EDF8-2A0E-44D0-9F1F-0626263520F0}"
EndProject
Global
	GlobalSection(SolutionConfigurationPlatforms) = preSolution
		Debug|Any CPU = Debug|Any CPU
		Release|Any CPU = Release|Any CPU
	EndGlobalSection
	GlobalSection(ProjectConfigurationPlatforms) = postSolution
		{B8A0EDF8-2A0E-44D0-9F1F-0626263520F0}.Debug|Any CPU.ActiveCfg = Debug|Any CPU
		{B8A0EDF8-2A0E-44D0-9F1F-0626263520F0}.Debug|Any CPU.Build.0 = Debug|Any CPU
		{B8A0EDF8-2A0E-44D0-9F1F-0626263520F0}.Release|Any CPU.ActiveCfg = Release|Any CPU
		{B8A0EDF8-2A0E-44D0-9F1F-0626263520F0}.Release|Any CPU.Build.0 = Release|Any CPU
	EndGlobalSection
	GlobalSection(SolutionProperties) = preSolution
		HideSolutionNode = FALSE
	EndGlobalSection
	GlobalSection(ExtensibilityGlobals) = postSolution
		SolutionGuid = {0E595598-160F-48CA-973B-015ED8476B95}
	EndGlobalSection
EndGlobal
